
Microsoft Visual Studio Solution File, Format Version 12.00
# Visual Studio Version 17
VisualStudioVersion = 17.7.34031.279
MinimumVisualStudioVersion = 10.0.40219.1
Project("{8BC9CEB8-8B4A-11D0-8D11-00A0C91BC942}") = "lab29", "lab29\lab29.vcxproj", "{537343A2-7C9E-4FF3-907A-19BA1CDD7A84}"
EndProject
Global
	GlobalSection(SolutionConfigurationPlatforms) = preSolution
		Debug|x64 = Debug|x64
		Debug|x86 = Debug|x86
		Release|x64 = Release|x64
		Release|x86 = Release|x86
	EndGlobalSection
	GlobalSection(ProjectConfigurationPlatforms) = postSolution
		{537343A2-7C9E-4FF3-907A-19BA1CDD7A84}.Debug|x64.ActiveCfg = Debug|x64
		{537343A2-7C9E-4FF3-907A-19BA1CDD7A84}.Debug|x64.Build.0 = Debug|x64
		{537343A2-7C9E-4FF3-907A-19BA1CDD7A84}.Debug|x86.ActiveCfg = Debug|Win32
		{537343A2-7C9E-4FF3-907A-19BA1CDD7A84}.Debug|x86.Build.0 = Debug|Win32
		{537343A2-7C9E-4FF3-907A-19BA1CDD7A84}.Release|x64.ActiveCfg = Release|x64
		{537343A2-7C9E-4FF3-907A-19BA1CDD7A84}.Release|x64.Build.0 = Release|x64
		{537343A2-7C9E-4FF3-907A-19BA1CDD7A84}.Release|x86.ActiveCfg = Release|Win32
		{537343A2-7C9E-4FF3-907A-19BA1CDD7A84}.Release|x86.Build.0 = Release|Win32
	EndGlobalSection
	GlobalSection(SolutionProperties) = preSolution
		HideSolutionNode = FALSE
	EndGlobalSection
	GlobalSection(ExtensibilityGlobals) = postSolution
		SolutionGuid = {765FE508-5A5F-4940-95EA-23AF21D15CEF}
	EndGlobalSection
EndGlobal
